
Microsoft Visual Studio Solution File, Format Version 12.00
# Visual Studio Version 17
VisualStudioVersion = 17.10.35013.160
MinimumVisualStudioVersion = 10.0.40219.1
Project("{9A19103F-16F7-4668-BE54-9A1E7A4F7556}") = "GestionProduit_API", "TPRevision\GestionProduit_API.csproj", "{322BF42E-4CC2-49D9-B1CA-EE29A976402A}"
EndProject
Project("{9A19103F-16F7-4668-BE54-9A1E7A4F7556}") = "GestionProduit_Tests", "Tests\GestionProduit_Tests.csproj", "{0D718FB2-4A08-4C32-A7E4-BF913682EAAE}"
EndProject
Project("{FAE04EC0-301F-11D3-BF4B-00C04F79EFBC}") = "GestionProduit_Client", "GestionProduit_Client\GestionProduit_Client.csproj", "{08E45631-2A74-412F-AC38-2C7EDBC98285}"
EndProject
Global
	GlobalSection(SolutionConfigurationPlatforms) = preSolution
		Debug|Any CPU = Debug|Any CPU
		Release|Any CPU = Release|Any CPU
	EndGlobalSection
	GlobalSection(ProjectConfigurationPlatforms) = postSolution
		{322BF42E-4CC2-49D9-B1CA-EE29A976402A}.Debug|Any CPU.ActiveCfg = Debug|Any CPU
		{322BF42E-4CC2-49D9-B1CA-EE29A976402A}.Debug|Any CPU.Build.0 = Debug|Any CPU
		{322BF42E-4CC2-49D9-B1CA-EE29A976402A}.Release|Any CPU.ActiveCfg = Release|Any CPU
		{322BF42E-4CC2-49D9-B1CA-EE29A976402A}.Release|Any CPU.Build.0 = Release|Any CPU
		{0D718FB2-4A08-4C32-A7E4-BF913682EAAE}.Debug|Any CPU.ActiveCfg = Debug|Any CPU
		{0D718FB2-4A08-4C32-A7E4-BF913682EAAE}.Debug|Any CPU.Build.0 = Debug|Any CPU
		{0D718FB2-4A08-4C32-A7E4-BF913682EAAE}.Release|Any CPU.ActiveCfg = Release|Any CPU
		{0D718FB2-4A08-4C32-A7E4-BF913682EAAE}.Release|Any CPU.Build.0 = Release|Any CPU
		{08E45631-2A74-412F-AC38-2C7EDBC98285}.Debug|Any CPU.ActiveCfg = Debug|Any CPU
		{08E45631-2A74-412F-AC38-2C7EDBC98285}.Debug|Any CPU.Build.0 = Debug|Any CPU
		{08E45631-2A74-412F-AC38-2C7EDBC98285}.Release|Any CPU.ActiveCfg = Release|Any CPU
		{08E45631-2A74-412F-AC38-2C7EDBC98285}.Release|Any CPU.Build.0 = Release|Any CPU
	EndGlobalSection
	GlobalSection(SolutionProperties) = preSolution
		HideSolutionNode = FALSE
	EndGlobalSection
	GlobalSection(ExtensibilityGlobals) = postSolution
		SolutionGuid = {F9D7702D-CC0A-46D8-9444-631ABEBF984F}
	EndGlobalSection
EndGlobal
